
Microsoft Visual Studio Solution File, Format Version 12.00
# Visual Studio Version 17
VisualStudioVersion = 17.14.36429.23 d17.14
MinimumVisualStudioVersion = 10.0.40219.1
Project("{FAE04EC0-301F-11D3-BF4B-00C04F79EFBC}") = "Lamborghini", "Lamborghini\Lamborghini.csproj", "{47185341-281B-4391-B3F8-DBF4B6604263}"
EndProject
Global
	GlobalSection(SolutionConfigurationPlatforms) = preSolution
		Debug|Any CPU = Debug|Any CPU
		Release|Any CPU = Release|Any CPU
	EndGlobalSection
	GlobalSection(ProjectConfigurationPlatforms) = postSolution
		{47185341-281B-4391-B3F8-DBF4B6604263}.Debug|Any CPU.ActiveCfg = Debug|Any CPU
		{47185341-281B-4391-B3F8-DBF4B6604263}.Debug|Any CPU.Build.0 = Debug|Any CPU
		{47185341-281B-4391-B3F8-DBF4B6604263}.Release|Any CPU.ActiveCfg = Release|Any CPU
		{47185341-281B-4391-B3F8-DBF4B6604263}.Release|Any CPU.Build.0 = Release|Any CPU
	EndGlobalSection
	GlobalSection(SolutionProperties) = preSolution
		HideSolutionNode = FALSE
	EndGlobalSection
	GlobalSection(ExtensibilityGlobals) = postSolution
		SolutionGuid = {7CE9867F-A394-49DF-AD7C-0B068CCE29EC}
	EndGlobalSection
EndGlobal
